
Microsoft Visual Studio Solution File, Format Version 12.00
# Visual Studio 15
VisualStudioVersion = 15.0.27130.2010
MinimumVisualStudioVersion = 10.0.40219.1
Project("{9A19103F-16F7-4668-BE54-9A1E7A4F7556}") = "SimpleTodoListApi", "SimpleTodoListApi\SimpleTodoListApi.csproj", "{F1A7358B-CB56-495F-9C15-41EB4B026ED6}"
EndProject
Global
	GlobalSection(SolutionConfigurationPlatforms) = preSolution
		Debug|Any CPU = Debug|Any CPU
		Release|Any CPU = Release|Any CPU
	EndGlobalSection
	GlobalSection(ProjectConfigurationPlatforms) = postSolution
		{F1A7358B-CB56-495F-9C15-41EB4B026ED6}.Debug|Any CPU.ActiveCfg = Debug|Any CPU
		{F1A7358B-CB56-495F-9C15-41EB4B026ED6}.Debug|Any CPU.Build.0 = Debug|Any CPU
		{F1A7358B-CB56-495F-9C15-41EB4B026ED6}.Release|Any CPU.ActiveCfg = Release|Any CPU
		{F1A7358B-CB56-495F-9C15-41EB4B026ED6}.Release|Any CPU.Build.0 = Release|Any CPU
	EndGlobalSection
	GlobalSection(SolutionProperties) = preSolution
		HideSolutionNode = FALSE
	EndGlobalSection
	GlobalSection(ExtensibilityGlobals) = postSolution
		SolutionGuid = {3A7A0C0C-FFAB-4CA4-8F87-2F589113BD68}
	EndGlobalSection
EndGlobal
